// !$*UTF8*$!
{
	archiveVersion = 1;
	classes = {
	};
	objectVersion = 77;
	objects = {

/* Begin PBXBuildFile section */
		146424C02E07738F00E917CC /* GoogleGenerativeAI in Frameworks */ = {isa = PBXBuildFile; productRef = 146424BF2E07738F00E917CC /* GoogleGenerativeAI */; };
/* End PBXBuildFile section */

/* Begin PBXContainerItemProxy section */
		1402F8E02E02042400B12099 /* PBXContainerItemProxy */ = {
			isa = PBXContainerItemProxy;
			containerPortal = 1402F8CA2E02042200B12099 /* Project object */;
			proxyType = 1;
			remoteGlobalIDString = 1402F8D12E02042200B12099;
			remoteInfo = Drowsii;
		};
		1402F8EA2E02042400B12099 /* PBXContainerItemProxy */ = {
			isa = PBXContainerItemProxy;
			containerPortal = 1402F8CA2E02042200B12099 /* Project object */;
			proxyType = 1;
			remoteGlobalIDString = 1402F8D12E02042200B12099;
			remoteInfo = Drowsii;
		};
/* End PBXContainerItemProxy section */

/* Begin PBXFileReference section */
		1402F8D22E02042200B12099 /* Drowsii.app */ = {isa = PBXFileReference; explicitFileType = wrapper.application; includeInIndex = 0; path = Drowsii.app; sourceTree = BUILT_PRODUCTS_DIR; };
		1402F8DF2E02042400B12099 /* DrowsiiTests.xctest */ = {isa = PBXFileReference; explicitFileType = wrapper.cfbundle; includeInIndex = 0; path = DrowsiiTests.xctest; sourceTree = BUILT_PRODUCTS_DIR; };
		1402F8E92E02042400B12099 /* DrowsiiUITests.xctest */ = {isa = PBXFileReference; explicitFileType = wrapper.cfbundle; includeInIndex = 0; path = DrowsiiUITests.xctest; sourceTree = BUILT_PRODUCTS_DIR; };
/* End PBXFileReference section */

/* Begin PBXFileSystemSynchronizedBuildFileExceptionSet section */
		146424BC2E07720E00E917CC /* Exceptions for "Drowsii" folder in "Drowsii" target */ = {
			isa = PBXFileSystemSynchronizedBuildFileExceptionSet;
			membershipExceptions = (
				Views/RecommendationsView.swift,
				Views/SettingsView.swift,
				Views/SoundPlayerView.swift,
			);
			target = 1402F8D12E02042200B12099 /* Drowsii */;
		};
/* End PBXFileSystemSynchronizedBuildFileExceptionSet section */

/* Begin PBXFileSystemSynchronizedRootGroup section */
		1402F8D42E02042200B12099 /* Drowsii */ = {
			isa = PBXFileSystemSynchronizedRootGroup;
			exceptions = (
				146424BC2E07720E00E917CC /* Exceptions for "Drowsii" folder in "Drowsii" target */,
			);
			path = Drowsii;
			sourceTree = "<group>";
		};
		1402F8E22E02042400B12099 /* DrowsiiTests */ = {
			isa = PBXFileSystemSynchronizedRootGroup;
			path = DrowsiiTests;
			sourceTree = "<group>";
		};
		1402F8EC2E02042400B12099 /* DrowsiiUITests */ = {
			isa = PBXFileSystemSynchronizedRootGroup;
			path = DrowsiiUITests;
			sourceTree = "<group>";
		};
/* End PBXFileSystemSynchronizedRootGroup section */

/* Begin PBXFrameworksBuildPhase section */
		1402F8CF2E02042200B12099 /* Frameworks */ = {
			isa = PBXFrameworksBuildPhase;
			buildActionMask = 2147483647;
			files = (
				146424C02E07738F00E917CC /* GoogleGenerativeAI in Frameworks */,
			);
			runOnlyForDeploymentPostprocessing = 0;
		};
		1402F8DC2E02042400B12099 /* Frameworks */ = {
			isa = PBXFrameworksBuildPhase;
			buildActionMask = 2147483647;
			files = (
			);
			runOnlyForDeploymentPostprocessing = 0;
		};
		1402F8E62E02042400B12099 /* Frameworks */ = {
			isa = PBXFrameworksBuildPhase;
			buildActionMask = 2147483647;
			files = (
			);
			runOnlyForDeploymentPostprocessing = 0;
		};
/* End PBXFrameworksBuildPhase section */

/* Begin PBXGroup section */
		1402F8C92E02042200B12099 = {
			isa = PBXGroup;
			children = (
				1402F8D42E02042200B12099 /* Drowsii */,
				1402F8E22E02042400B12099 /* DrowsiiTests */,
				1402F8EC2E02042400B12099 /* DrowsiiUITests */,
				146424BE2E07738F00E917CC /* Frameworks */,
				1402F8D32E02042200B12099 /* Products */,
			);
			sourceTree = "<group>";
		};
		1402F8D32E02042200B12099 /* Products */ = {
			isa = PBXGroup;
			children = (
				1402F8D22E02042200B12099 /* Drowsii.app */,
				1402F8DF2E02042400B12099 /* DrowsiiTests.xctest */,
				1402F8E92E02042400B12099 /* DrowsiiUITests.xctest */,
			);
			name = Products;
			sourceTree = "<group>";
		};
		146424BE2E07738F00E917CC /* Frameworks */ = {
			isa = PBXGroup;
			children = (
			);
			name = Frameworks;
			sourceTree = "<group>";
		};
/* End PBXGroup section */

/* Begin PBXNativeTarget section */
		1402F8D12E02042200B12099 /* Drowsii */ = {
			isa = PBXNativeTarget;
			buildConfigurationList = 1402F8F32E02042400B12099 /* Build configuration list for PBXNativeTarget "Drowsii" */;
			buildPhases = (
				1402F8CE2E02042200B12099 /* Sources */,
				1402F8CF2E02042200B12099 /* Frameworks */,
				1402F8D02E02042200B12099 /* Resources */,
			);
			buildRules = (
			);
			dependencies = (
			);
			fileSystemSynchronizedGroups = (
				1402F8D42E02042200B12099 /* Drowsii */,
			);
			name = Drowsii;
			packageProductDependencies = (
				146424BF2E07738F00E917CC /* GoogleGenerativeAI */,
			);
			productName = Drowsii;
			productReference = 1402F8D22E02042200B12099 /* Drowsii.app */;
			productType = "com.apple.product-type.application";
		};
		1402F8DE2E02042400B12099 /* DrowsiiTests */ = {
			isa = PBXNativeTarget;
			buildConfigurationList = 1402F8F62E02042400B12099 /* Build configuration list for PBXNativeTarget "DrowsiiTests" */;
			buildPhases = (
				1402F8DB2E02042400B12099 /* Sources */,
				1402F8DC2E02042400B12099 /* Frameworks */,
				1402F8DD2E02042400B12099 /* Resources */,
			);
			buildRules = (
			);
			dependencies = (
				1402F8E12E02042400B12099 /* PBXTargetDependency */,
			);
			fileSystemSynchronizedGroups = (
				1402F8E22E02042400B12099 /* DrowsiiTests */,
			);
			name = DrowsiiTests;
			packageProductDependencies = (
			);
			productName = DrowsiiTests;
			productReference = 1402F8DF2E02042400B12099 /* DrowsiiTests.xctest */;
			productType = "com.apple.product-type.bundle.unit-test";
		};
		1402F8E82E02042400B12099 /* DrowsiiUITests */ = {
			isa = PBXNativeTarget;
			buildConfigurationList = 1402F8F92E02042400B12099 /* Build configuration list for PBXNativeTarget "DrowsiiUITests" */;
			buildPhases = (
				1402F8E52E02042400B12099 /* Sources */,
				1402F8E62E02042400B12099 /* Frameworks */,
				1402F8E72E02042400B12099 /* Resources */,
			);
			buildRules = (
			);
			dependencies = (
				1402F8EB2E02042400B12099 /* PBXTargetDependency */,
			);
			fileSystemSynchronizedGroups = (
				1402F8EC2E02042400B12099 /* DrowsiiUITests */,
			);
			name = DrowsiiUITests;
			packageProductDependencies = (
			);
			productName = DrowsiiUITests;
			productReference = 1402F8E92E02042400B12099 /* DrowsiiUITests.xctest */;
			productType = "com.apple.product-type.bundle.ui-testing";
		};
/* End PBXNativeTarget section */

/* Begin PBXProject section */
		1402F8CA2E02042200B12099 /* Project object */ = {
			isa = PBXProject;
			attributes = {
				BuildIndependentTargetsInParallel = 1;
				LastSwiftUpdateCheck = 1640;
				LastUpgradeCheck = 1640;
				TargetAttributes = {
					1402F8D12E02042200B12099 = {
						CreatedOnToolsVersion = 16.4;
					};
					1402F8DE2E02042400B12099 = {
						CreatedOnToolsVersion = 16.4;
						TestTargetID = 1402F8D12E02042200B12099;
					};
					1402F8E82E02042400B12099 = {
						CreatedOnToolsVersion = 16.4;
						TestTargetID = 1402F8D12E02042200B12099;
					};
				};
			};
			buildConfigurationList = 1402F8CD2E02042200B12099 /* Build configuration list for PBXProject "Drowsii" */;
			developmentRegion = en;
			hasScannedForEncodings = 0;
			knownRegions = (
				en,
				Base,
			);
			mainGroup = 1402F8C92E02042200B12099;
			minimizedProjectReferenceProxies = 1;
			packageReferences = (
				14E086542E076E8B00ECEC8B /* XCRemoteSwiftPackageReference "generative-ai-swift" */,
			);
			preferredProjectObjectVersion = 77;
			productRefGroup = 1402F8D32E02042200B12099 /* Products */;
			projectDirPath = "";
			projectRoot = "";
			targets = (
				1402F8D12E02042200B12099 /* Drowsii */,
				1402F8DE2E02042400B12099 /* DrowsiiTests */,
				1402F8E82E02042400B12099 /* DrowsiiUITests */,
			);
		};
/* End PBXProject section */

/* Begin PBXResourcesBuildPhase section */
		1402F8D02E02042200B12099 /* Resources */ = {
			isa = PBXResourcesBuildPhase;
			buildActionMask = 2147483647;
			files = (
			);
			runOnlyForDeploymentPostprocessing = 0;
		};
		1402F8DD2E02042400B12099 /* Resources */ = {
			isa = PBXResourcesBuildPhase;
			buildActionMask = 2147483647;
			files = (
			);
			runOnlyForDeploymentPostprocessing = 0;
		};
		1402F8E72E02042400B12099 /* Resources */ = {
			isa = PBXResourcesBuildPhase;
			buildActionMask = 2147483647;
			files = (
			);
			runOnlyForDeploymentPostprocessing = 0;
		};
/* End PBXResourcesBuildPhase section */

/* Begin PBXSourcesBuildPhase section */
		1402F8CE2E02042200B12099 /* Sources */ = {
			isa = PBXSourcesBuildPhase;
			buildActionMask = 2147483647;
			files = (
			);
			runOnlyForDeploymentPostprocessing = 0;
		};
		1402F8DB2E02042400B12099 /* Sources */ = {
			isa = PBXSourcesBuildPhase;
			buildActionMask = 2147483647;
			files = (
			);
			runOnlyForDeploymentPostprocessing = 0;
		};
		1402F8E52E02042400B12099 /* Sources */ = {
			isa = PBXSourcesBuildPhase;
			buildActionMask = 2147483647;
			files = (
			);
			runOnlyForDeploymentPostprocessing = 0;
		};
/* End PBXSourcesBuildPhase section */

/* Begin PBXTargetDependency section */
		1402F8E12E02042400B12099 /* PBXTargetDependency */ = {
			isa = PBXTargetDependency;
			target = 1402F8D12E02042200B12099 /* Drowsii */;
			targetProxy = 1402F8E02E02042400B12099 /* PBXContainerItemProxy */;
		};
		1402F8EB2E02042400B12099 /* PBXTargetDependency */ = {
			isa = PBXTargetDependency;
			target = 1402F8D12E02042200B12099 /* Drowsii */;
			targetProxy = 1402F8EA2E02042400B12099 /* PBXContainerItemProxy */;
		};
/* End PBXTargetDependency section */

/* Begin XCBuildConfiguration section */
		1402F8F12E02042400B12099 /* Debug */ = {
			isa = XCBuildConfiguration;
			buildSettings = {
				ALWAYS_SEARCH_USER_PATHS = NO;
				ASSETCATALOG_COMPILER_GENERATE_SWIFT_ASSET_SYMBOL_EXTENSIONS = YES;
				CLANG_ANALYZER_NONNULL = YES;
				CLANG_ANALYZER_NUMBER_OBJECT_CONVERSION = YES_AGGRESSIVE;
				CLANG_CXX_LANGUAGE_STANDARD = "gnu++20";
				CLANG_ENABLE_MODULES = YES;
				CLANG_ENABLE_OBJC_ARC = YES;
				CLANG_ENABLE_OBJC_WEAK = YES;
				CLANG_WARN_BLOCK_CAPTURE_AUTORELEASING = YES;
				CLANG_WARN_BOOL_CONVERSION = YES;
				CLANG_WARN_COMMA = YES;
				CLANG_WARN_CONSTANT_CONVERSION = YES;
				CLANG_WARN_DEPRECATED_OBJC_IMPLEMENTATIONS = YES;
				CLANG_WARN_DIRECT_OBJC_ISA_USAGE = YES_ERROR;
				CLANG_WARN_DOCUMENTATION_COMMENTS = YES;
				CLANG_WARN_EMPTY_BODY = YES;
				CLANG_WARN_ENUM_CONVERSION = YES;
				CLANG_WARN_INFINITE_RECURSION = YES;
				CLANG_WARN_INT_CONVERSION = YES;
				CLANG_WARN_NON_LITERAL_NULL_CONVERSION = YES;
				CLANG_WARN_OBJC_IMPLICIT_RETAIN_SELF = YES;
				CLANG_WARN_OBJC_LITERAL_CONVERSION = YES;
				CLANG_WARN_OBJC_ROOT_CLASS = YES_ERROR;
				CLANG_WARN_QUOTED_INCLUDE_IN_FRAMEWORK_HEADER = YES;
				CLANG_WARN_RANGE_LOOP_ANALYSIS = YES;
				CLANG_WARN_STRICT_PROTOTYPES = YES;
				CLANG_WARN_SUSPICIOUS_MOVE = YES;
				CLANG_WARN_UNGUARDED_AVAILABILITY = YES_AGGRESSIVE;
				CLANG_WARN_UNREACHABLE_CODE = YES;
				CLANG_WARN__DUPLICATE_METHOD_MATCH = YES;
				COPY_PHASE_STRIP = NO;
				DEBUG_INFORMATION_FORMAT = dwarf;
				DEVELOPMENT_TEAM = 2NL9VQZ26W;
				ENABLE_STRICT_OBJC_MSGSEND = YES;
				ENABLE_TESTABILITY = YES;
				ENABLE_USER_SCRIPT_SANDBOXING = YES;
				GCC_C_LANGUAGE_STANDARD = gnu17;
				GCC_DYNAMIC_NO_PIC = NO;
				GCC_NO_COMMON_BLOCKS = YES;
				GCC_OPTIMIZATION_LEVEL = 0;
				GCC_PREPROCESSOR_DEFINITIONS = (
					"DEBUG=1",
					"$(inherited)",
				);
				GCC_WARN_64_TO_32_BIT_CONVERSION = YES;
				GCC_WARN_ABOUT_RETURN_TYPE = YES_ERROR;
				GCC_WARN_UNDECLARED_SELECTOR = YES;
				GCC_WARN_UNINITIALIZED_AUTOS = YES_AGGRESSIVE;
				GCC_WARN_UNUSED_FUNCTION = YES;
				GCC_WARN_UNUSED_VARIABLE = YES;
				IPHONEOS_DEPLOYMENT_TARGET = 18.5;
				LOCALIZATION_PREFERS_STRING_CATALOGS = YES;
				MTL_ENABLE_DEBUG_INFO = INCLUDE_SOURCE;
				MTL_FAST_MATH = YES;
				ONLY_ACTIVE_ARCH = YES;
				SDKROOT = iphoneos;
				SWIFT_ACTIVE_COMPILATION_CONDITIONS = "DEBUG $(inherited)";
				SWIFT_OPTIMIZATION_LEVEL = "-Onone";
			};
			name = Debug;
		};
		1402F8F22E02042400B12099 /* Release */ = {
			isa = XCBuildConfiguration;
			buildSettings = {
				ALWAYS_SEARCH_USER_PATHS = NO;
				ASSETCATALOG_COMPILER_GENERATE_SWIFT_ASSET_SYMBOL_EXTENSIONS = YES;
				CLANG_ANALYZER_NONNULL = YES;
				CLANG_ANALYZER_NUMBER_OBJECT_CONVERSION = YES_AGGRESSIVE;
				CLANG_CXX_LANGUAGE_STANDARD = "gnu++20";
				CLANG_ENABLE_MODULES = YES;
				CLANG_ENABLE_OBJC_ARC = YES;
				CLANG_ENABLE_OBJC_WEAK = YES;
				CLANG_WARN_BLOCK_CAPTURE_AUTORELEASING = YES;
				CLANG_WARN_BOOL_CONVERSION = YES;
				CLANG_WARN_COMMA = YES;
				CLANG_WARN_CONSTANT_CONVERSION = YES;
				CLANG_WARN_DEPRECATED_OBJC_IMPLEMENTATIONS = YES;
				CLANG_WARN_DIRECT_OBJC_ISA_USAGE = YES_ERROR;
				CLANG_WARN_DOCUMENTATION_COMMENTS = YES;
				CLANG_WARN_EMPTY_BODY = YES;
				CLANG_WARN_ENUM_CONVERSION = YES;
				CLANG_WARN_INFINITE_RECURSION = YES;
				CLANG_WARN_INT_CONVERSION = YES;
				CLANG_WARN_NON_LITERAL_NULL_CONVERSION = YES;
				CLANG_WARN_OBJC_IMPLICIT_RETAIN_SELF = YES;
				CLANG_WARN_OBJC_LITERAL_CONVERSION = YES;
				CLANG_WARN_OBJC_ROOT_CLASS = YES_ERROR;
				CLANG_WARN_QUOTED_INCLUDE_IN_FRAMEWORK_HEADER = YES;
				CLANG_WARN_RANGE_LOOP_ANALYSIS = YES;
				CLANG_WARN_STRICT_PROTOTYPES = YES;
				CLANG_WARN_SUSPICIOUS_MOVE = YES;
				CLANG_WARN_UNGUARDED_AVAILABILITY = YES_AGGRESSIVE;
				CLANG_WARN_UNREACHABLE_CODE = YES;
				CLANG_WARN__DUPLICATE_METHOD_MATCH = YES;
				COPY_PHASE_STRIP = NO;
				DEBUG_INFORMATION_FORMAT = "dwarf-with-dsym";
				DEVELOPMENT_TEAM = 2NL9VQZ26W;
				ENABLE_NS_ASSERTIONS = NO;
				ENABLE_STRICT_OBJC_MSGSEND = YES;
				ENABLE_USER_SCRIPT_SANDBOXING = YES;
				GCC_C_LANGUAGE_STANDARD = gnu17;
				GCC_NO_COMMON_BLOCKS = YES;
				GCC_WARN_64_TO_32_BIT_CONVERSION = YES;
				GCC_WARN_ABOUT_RETURN_TYPE = YES_ERROR;
				GCC_WARN_UNDECLARED_SELECTOR = YES;
				GCC_WARN_UNINITIALIZED_AUTOS = YES_AGGRESSIVE;
				GCC_WARN_UNUSED_FUNCTION = YES;
				GCC_WARN_UNUSED_VARIABLE = YES;
				IPHONEOS_DEPLOYMENT_TARGET = 18.5;
				LOCALIZATION_PREFERS_STRING_CATALOGS = YES;
				MTL_ENABLE_DEBUG_INFO = NO;
				MTL_FAST_MATH = YES;
				SDKROOT = iphoneos;
				SWIFT_COMPILATION_MODE = wholemodule;
				VALIDATE_PRODUCT = YES;
			};
			name = Release;
		};
		1402F8F42E02042400B12099 /* Debug */ = {
			isa = XCBuildConfiguration;
			buildSettings = {
				ASSETCATALOG_COMPILER_APPICON_NAME = AppIcon;
				ASSETCATALOG_COMPILER_GLOBAL_ACCENT_COLOR_NAME = AccentColor;
				CODE_SIGN_STYLE = Automatic;
				CURRENT_PROJECT_VERSION = 1;
				DEVELOPMENT_TEAM = 2NL9VQZ26W;
				ENABLE_PREVIEWS = YES;
				GENERATE_INFOPLIST_FILE = YES;
				INFOPLIST_KEY_UIApplicationSceneManifest_Generation = YES;
				INFOPLIST_KEY_UIApplicationSupportsIndirectInputEvents = YES;
				INFOPLIST_KEY_UILaunchScreen_Generation = YES;
				INFOPLIST_KEY_UISupportedInterfaceOrientations_iPad = "UIInterfaceOrientationPortrait UIInterfaceOrientationPortraitUpsideDown UIInterfaceOrientationLandscapeLeft UIInterfaceOrientationLandscapeRight";
				INFOPLIST_KEY_UISupportedInterfaceOrientations_iPhone = "UIInterfaceOrientationPortrait UIInterfaceOrientationLandscapeLeft UIInterfaceOrientationLandscapeRight";
				LD_RUNPATH_SEARCH_PATHS = (
					"$(inherited)",
					"@executable_path/Frameworks",
				);
				MARKETING_VERSION = 1.0;
				PRODUCT_BUNDLE_IDENTIFIER = com.example.Drowsii;
				PRODUCT_NAME = "$(TARGET_NAME)";
				SWIFT_EMIT_LOC_STRINGS = YES;
				SWIFT_VERSION = 5.0;
				TARGETED_DEVICE_FAMILY = "1,2";
			};
			name = Debug;
		};
		1402F8F52E02042400B12099 /* Release */ = {
			isa = XCBuildConfiguration;
			buildSettings = {
				ASSETCATALOG_COMPILER_APPICON_NAME = AppIcon;
				ASSETCATALOG_COMPILER_GLOBAL_ACCENT_COLOR_NAME = AccentColor;
				CODE_SIGN_STYLE = Automatic;
				CURRENT_PROJECT_VERSION = 1;
				DEVELOPMENT_TEAM = 2NL9VQZ26W;
				ENABLE_PREVIEWS = YES;
				GENERATE_INFOPLIST_FILE = YES;
				INFOPLIST_KEY_UIApplicationSceneManifest_Generation = YES;
				INFOPLIST_KEY_UIApplicationSupportsIndirectInputEvents = YES;
				INFOPLIST_KEY_UILaunchScreen_Generation = YES;
				INFOPLIST_KEY_UISupportedInterfaceOrientations_iPad = "UIInterfaceOrientationPortrait UIInterfaceOrientationPortraitUpsideDown UIInterfaceOrientationLandscapeLeft UIInterfaceOrientationLandscapeRight";
				INFOPLIST_KEY_UISupportedInterfaceOrientations_iPhone = "UIInterfaceOrientationPortrait UIInterfaceOrientationLandscapeLeft UIInterfaceOrientationLandscapeRight";
				LD_RUNPATH_SEARCH_PATHS = (
					"$(inherited)",
					"@executable_path/Frameworks",
				);
				MARKETING_VERSION = 1.0;
				PRODUCT_BUNDLE_IDENTIFIER = com.example.Drowsii;
				PRODUCT_NAME = "$(TARGET_NAME)";
				SWIFT_EMIT_LOC_STRINGS = YES;
				SWIFT_VERSION = 5.0;
				TARGETED_DEVICE_FAMILY = "1,2";
			};
			name = Release;
		};
		1402F8F72E02042400B12099 /* Debug */ = {
			isa = XCBuildConfiguration;
			buildSettings = {
				BUNDLE_LOADER = "$(TEST_HOST)";
				CODE_SIGN_STYLE = Automatic;
				CURRENT_PROJECT_VERSION = 1;
				DEVELOPMENT_TEAM = 2NL9VQZ26W;
				GENERATE_INFOPLIST_FILE = YES;
				IPHONEOS_DEPLOYMENT_TARGET = 18.5;
				MARKETING_VERSION = 1.0;
				PRODUCT_BUNDLE_IDENTIFIER = com.example.DrowsiiTests;
				PRODUCT_NAME = "$(TARGET_NAME)";
				SWIFT_EMIT_LOC_STRINGS = NO;
				SWIFT_VERSION = 5.0;
				TARGETED_DEVICE_FAMILY = "1,2";
				TEST_HOST = "$(BUILT_PRODUCTS_DIR)/Drowsii.app/$(BUNDLE_EXECUTABLE_FOLDER_PATH)/Drowsii";
			};
			name = Debug;
		};
		1402F8F82E02042400B12099 /* Release */ = {
			isa = XCBuildConfiguration;
			buildSettings = {
				BUNDLE_LOADER = "$(TEST_HOST)";
				CODE_SIGN_STYLE = Automatic;
				CURRENT_PROJECT_VERSION = 1;
				DEVELOPMENT_TEAM = 2NL9VQZ26W;
				GENERATE_INFOPLIST_FILE = YES;
				IPHONEOS_DEPLOYMENT_TARGET = 18.5;
				MARKETING_VERSION = 1.0;
				PRODUCT_BUNDLE_IDENTIFIER = com.example.DrowsiiTests;
				PRODUCT_NAME = "$(TARGET_NAME)";
				SWIFT_EMIT_LOC_STRINGS = NO;
				SWIFT_VERSION = 5.0;
				TARGETED_DEVICE_FAMILY = "1,2";
				TEST_HOST = "$(BUILT_PRODUCTS_DIR)/Drowsii.app/$(BUNDLE_EXECUTABLE_FOLDER_PATH)/Drowsii";
			};
			name = Release;
		};
		1402F8FA2E02042400B12099 /* Debug */ = {
			isa = XCBuildConfiguration;
			buildSettings = {
				CODE_SIGN_STYLE = Automatic;
				CURRENT_PROJECT_VERSION = 1;
				DEVELOPMENT_TEAM = 2NL9VQZ26W;
				GENERATE_INFOPLIST_FILE = YES;
				MARKETING_VERSION = 1.0;
				PRODUCT_BUNDLE_IDENTIFIER = com.example.DrowsiiUITests;
				PRODUCT_NAME = "$(TARGET_NAME)";
				SWIFT_EMIT_LOC_STRINGS = NO;
				SWIFT_VERSION = 5.0;
				TARGETED_DEVICE_FAMILY = "1,2";
				TEST_TARGET_NAME = Drowsii;
			};
			name = Debug;
		};
		1402F8FB2E02042400B12099 /* Release */ = {
			isa = XCBuildConfiguration;
			buildSettings = {
				CODE_SIGN_STYLE = Automatic;
				CURRENT_PROJECT_VERSION = 1;
				DEVELOPMENT_TEAM = 2NL9VQZ26W;
				GENERATE_INFOPLIST_FILE = YES;
				MARKETING_VERSION = 1.0;
				PRODUCT_BUNDLE_IDENTIFIER = com.example.DrowsiiUITests;
				PRODUCT_NAME = "$(TARGET_NAME)";
				SWIFT_EMIT_LOC_STRINGS = NO;
				SWIFT_VERSION = 5.0;
				TARGETED_DEVICE_FAMILY = "1,2";
				TEST_TARGET_NAME = Drowsii;
			};
			name = Release;
		};
/* End XCBuildConfiguration section */

/* Begin XCConfigurationList section */
		1402F8CD2E02042200B12099 /* Build configuration list for PBXProject "Drowsii" */ = {
			isa = XCConfigurationList;
			buildConfigurations = (
				1402F8F12E02042400B12099 /* Debug */,
				1402F8F22E02042400B12099 /* Release */,
			);
			defaultConfigurationIsVisible = 0;
			defaultConfigurationName = Release;
		};
		1402F8F32E02042400B12099 /* Build configuration list for PBXNativeTarget "Drowsii" */ = {
			isa = XCConfigurationList;
			buildConfigurations = (
				1402F8F42E02042400B12099 /* Debug */,
				1402F8F52E02042400B12099 /* Release */,
			);
			defaultConfigurationIsVisible = 0;
			defaultConfigurationName = Release;
		};
		1402F8F62E02042400B12099 /* Build configuration list for PBXNativeTarget "DrowsiiTests" */ = {
			isa = XCConfigurationList;
			buildConfigurations = (
				1402F8F72E02042400B12099 /* Debug */,
				1402F8F82E02042400B12099 /* Release */,
			);
			defaultConfigurationIsVisible = 0;
			defaultConfigurationName = Release;
		};
		1402F8F92E02042400B12099 /* Build configuration list for PBXNativeTarget "DrowsiiUITests" */ = {
			isa = XCConfigurationList;
			buildConfigurations = (
				1402F8FA2E02042400B12099 /* Debug */,
				1402F8FB2E02042400B12099 /* Release */,
			);
			defaultConfigurationIsVisible = 0;
			defaultConfigurationName = Release;
		};
/* End XCConfigurationList section */

/* Begin XCRemoteSwiftPackageReference section */
		14E086542E076E8B00ECEC8B /* XCRemoteSwiftPackageReference "generative-ai-swift" */ = {
			isa = XCRemoteSwiftPackageReference;
			repositoryURL = "https://github.com/google/generative-ai-swift";
			requirement = {
				kind = upToNextMajorVersion;
				minimumVersion = 0.5.6;
			};
		};
/* End XCRemoteSwiftPackageReference section */

/* Begin XCSwiftPackageProductDependency section */
		146424BF2E07738F00E917CC /* GoogleGenerativeAI */ = {
			isa = XCSwiftPackageProductDependency;
			package = 14E086542E076E8B00ECEC8B /* XCRemoteSwiftPackageReference "generative-ai-swift" */;
			productName = GoogleGenerativeAI;
		};
/* End XCSwiftPackageProductDependency section */
	};
	rootObject = 1402F8CA2E02042200B12099 /* Project object */;
}
